// !$*UTF8*$!
{
	archiveVersion = 1;
	classes = {
	};
	objectVersion = 50;
	objects = {

/* Begin PBXBuildFile section */
		267511DD20D6DAC50022C73C /* AppDelegate.swift in Sources */ = {isa = PBXBuildFile; fileRef = 267511DC20D6DAC50022C73C /* AppDelegate.swift */; };
		267511E420D6DAC70022C73C /* Assets.xcassets in Resources */ = {isa = PBXBuildFile; fileRef = 267511E320D6DAC70022C73C /* Assets.xcassets */; };
		267511E720D6DAC70022C73C /* LaunchScreen.storyboard in Resources */ = {isa = PBXBuildFile; fileRef = 267511E520D6DAC70022C73C /* LaunchScreen.storyboard */; };
		267511F220D6DAC70022C73C /* GalleryExampleTests.swift in Sources */ = {isa = PBXBuildFile; fileRef = 267511F120D6DAC70022C73C /* GalleryExampleTests.swift */; };
		2675121120D6DC600022C73C /* Gallery.framework in Frameworks */ = {isa = PBXBuildFile; fileRef = 2675121020D6DC600022C73C /* Gallery.framework */; };
		2675121220D6DC600022C73C /* Gallery.framework in Embed Frameworks */ = {isa = PBXBuildFile; fileRef = 2675121020D6DC600022C73C /* Gallery.framework */; settings = {ATTRIBUTES = (CodeSignOnCopy, RemoveHeadersOnCopy, ); }; };
		2675121520D6DFF50022C73C /* SquareView.swift in Sources */ = {isa = PBXBuildFile; fileRef = 2675121420D6DFF50022C73C /* SquareView.swift */; };
/* End PBXBuildFile section */

/* Begin PBXContainerItemProxy section */
		267511EE20D6DAC70022C73C /* PBXContainerItemProxy */ = {
			isa = PBXContainerItemProxy;
			containerPortal = 267511D120D6DAC50022C73C /* Project object */;
			proxyType = 1;
			remoteGlobalIDString = 267511D820D6DAC50022C73C;
			remoteInfo = GalleryExample;
		};
/* End PBXContainerItemProxy section */

/* Begin PBXCopyFilesBuildPhase section */
		2675121320D6DC600022C73C /* Embed Frameworks */ = {
			isa = PBXCopyFilesBuildPhase;
			buildActionMask = 2147483647;
			dstPath = "";
			dstSubfolderSpec = 10;
			files = (
				2675121220D6DC600022C73C /* Gallery.framework in Embed Frameworks */,
			);
			name = "Embed Frameworks";
			runOnlyForDeploymentPostprocessing = 0;
		};
/* End PBXCopyFilesBuildPhase section */

/* Begin PBXFileReference section */
		267511D920D6DAC50022C73C /* GalleryExample.app */ = {isa = PBXFileReference; explicitFileType = wrapper.application; includeInIndex = 0; path = GalleryExample.app; sourceTree = BUILT_PRODUCTS_DIR; };
		267511DC20D6DAC50022C73C /* AppDelegate.swift */ = {isa = PBXFileReference; lastKnownFileType = sourcecode.swift; path = AppDelegate.swift; sourceTree = "<group>"; };
		267511E320D6DAC70022C73C /* Assets.xcassets */ = {isa = PBXFileReference; lastKnownFileType = folder.assetcatalog; path = Assets.xcassets; sourceTree = "<group>"; };
		267511E620D6DAC70022C73C /* Base */ = {isa = PBXFileReference; lastKnownFileType = file.storyboard; name = Base; path = Base.lproj/LaunchScreen.storyboard; sourceTree = "<group>"; };
		267511E820D6DAC70022C73C /* Info.plist */ = {isa = PBXFileReference; lastKnownFileType = text.plist.xml; path = Info.plist; sourceTree = "<group>"; };
		267511ED20D6DAC70022C73C /* GalleryExampleTests.xctest */ = {isa = PBXFileReference; explicitFileType = wrapper.cfbundle; includeInIndex = 0; path = GalleryExampleTests.xctest; sourceTree = BUILT_PRODUCTS_DIR; };
		267511F120D6DAC70022C73C /* GalleryExampleTests.swift */ = {isa = PBXFileReference; lastKnownFileType = sourcecode.swift; path = GalleryExampleTests.swift; sourceTree = "<group>"; };
		267511F320D6DAC70022C73C /* Info.plist */ = {isa = PBXFileReference; lastKnownFileType = text.plist.xml; path = Info.plist; sourceTree = "<group>"; };
		2675121020D6DC600022C73C /* Gallery.framework */ = {isa = PBXFileReference; explicitFileType = wrapper.framework; path = Gallery.framework; sourceTree = BUILT_PRODUCTS_DIR; };
		2675121420D6DFF50022C73C /* SquareView.swift */ = {isa = PBXFileReference; lastKnownFileType = sourcecode.swift; path = SquareView.swift; sourceTree = "<group>"; };
/* End PBXFileReference section */

/* Begin PBXFrameworksBuildPhase section */
		267511D620D6DAC50022C73C /* Frameworks */ = {
			isa = PBXFrameworksBuildPhase;
			buildActionMask = 2147483647;
			files = (
				2675121120D6DC600022C73C /* Gallery.framework in Frameworks */,
			);
			runOnlyForDeploymentPostprocessing = 0;
		};
		267511EA20D6DAC70022C73C /* Frameworks */ = {
			isa = PBXFrameworksBuildPhase;
			buildActionMask = 2147483647;
			files = (
			);
			runOnlyForDeploymentPostprocessing = 0;
		};
/* End PBXFrameworksBuildPhase section */

/* Begin PBXGroup section */
		267511D020D6DAC50022C73C = {
			isa = PBXGroup;
			children = (
				2675121020D6DC600022C73C /* Gallery.framework */,
				267511DB20D6DAC50022C73C /* GalleryExample */,
				267511F020D6DAC70022C73C /* GalleryExampleTests */,
				267511DA20D6DAC50022C73C /* Products */,
			);
			sourceTree = "<group>";
		};
		267511DA20D6DAC50022C73C /* Products */ = {
			isa = PBXGroup;
			children = (
				267511D920D6DAC50022C73C /* GalleryExample.app */,
				267511ED20D6DAC70022C73C /* GalleryExampleTests.xctest */,
			);
			name = Products;
			sourceTree = "<group>";
		};
		267511DB20D6DAC50022C73C /* GalleryExample */ = {
			isa = PBXGroup;
			children = (
				267511DC20D6DAC50022C73C /* AppDelegate.swift */,
				2675121420D6DFF50022C73C /* SquareView.swift */,
				267511E320D6DAC70022C73C /* Assets.xcassets */,
				267511E520D6DAC70022C73C /* LaunchScreen.storyboard */,
				267511E820D6DAC70022C73C /* Info.plist */,
			);
			path = GalleryExample;
			sourceTree = "<group>";
		};
		267511F020D6DAC70022C73C /* GalleryExampleTests */ = {
			isa = PBXGroup;
			children = (
				267511F120D6DAC70022C73C /* GalleryExampleTests.swift */,
				267511F320D6DAC70022C73C /* Info.plist */,
			);
			path = GalleryExampleTests;
			sourceTree = "<group>";
		};
/* End PBXGroup section */

/* Begin PBXNativeTarget section */
		267511D820D6DAC50022C73C /* GalleryExample */ = {
			isa = PBXNativeTarget;
			buildConfigurationList = 267511F620D6DAC70022C73C /* Build configuration list for PBXNativeTarget "GalleryExample" */;
			buildPhases = (
				267511D520D6DAC50022C73C /* Sources */,
				267511D620D6DAC50022C73C /* Frameworks */,
				267511D720D6DAC50022C73C /* Resources */,
				2675121320D6DC600022C73C /* Embed Frameworks */,
			);
			buildRules = (
			);
			dependencies = (
			);
			name = GalleryExample;
			productName = GalleryExample;
			productReference = 267511D920D6DAC50022C73C /* GalleryExample.app */;
			productType = "com.apple.product-type.application";
		};
		267511EC20D6DAC70022C73C /* GalleryExampleTests */ = {
			isa = PBXNativeTarget;
			buildConfigurationList = 267511F920D6DAC70022C73C /* Build configuration list for PBXNativeTarget "GalleryExampleTests" */;
			buildPhases = (
				267511E920D6DAC70022C73C /* Sources */,
				267511EA20D6DAC70022C73C /* Frameworks */,
				267511EB20D6DAC70022C73C /* Resources */,
			);
			buildRules = (
			);
			dependencies = (
				267511EF20D6DAC70022C73C /* PBXTargetDependency */,
			);
			name = GalleryExampleTests;
			productName = GalleryExampleTests;
			productReference = 267511ED20D6DAC70022C73C /* GalleryExampleTests.xctest */;
			productType = "com.apple.product-type.bundle.unit-test";
		};
/* End PBXNativeTarget section */

/* Begin PBXProject section */
		267511D120D6DAC50022C73C /* Project object */ = {
			isa = PBXProject;
			attributes = {
				LastSwiftUpdateCheck = 0940;
				LastUpgradeCheck = 0940;
				ORGANIZATIONNAME = "Badoo LTD";
				TargetAttributes = {
					267511D820D6DAC50022C73C = {
						CreatedOnToolsVersion = 9.4.1;
					};
					267511EC20D6DAC70022C73C = {
						CreatedOnToolsVersion = 9.4.1;
						TestTargetID = 267511D820D6DAC50022C73C;
					};
				};
			};
			buildConfigurationList = 267511D420D6DAC50022C73C /* Build configuration list for PBXProject "GalleryExample" */;
			compatibilityVersion = "Xcode 9.3";
			developmentRegion = en;
			hasScannedForEncodings = 0;
			knownRegions = (
				en,
				Base,
			);
			mainGroup = 267511D020D6DAC50022C73C;
			productRefGroup = 267511DA20D6DAC50022C73C /* Products */;
			projectDirPath = "";
			projectRoot = "";
			targets = (
				267511D820D6DAC50022C73C /* GalleryExample */,
				267511EC20D6DAC70022C73C /* GalleryExampleTests */,
			);
		};
/* End PBXProject section */

/* Begin PBXResourcesBuildPhase section */
		267511D720D6DAC50022C73C /* Resources */ = {
			isa = PBXResourcesBuildPhase;
			buildActionMask = 2147483647;
			files = (
				267511E720D6DAC70022C73C /* LaunchScreen.storyboard in Resources */,
				267511E420D6DAC70022C73C /* Assets.xcassets in Resources */,
			);
			runOnlyForDeploymentPostprocessing = 0;
		};
		267511EB20D6DAC70022C73C /* Resources */ = {
			isa = PBXResourcesBuildPhase;
			buildActionMask = 2147483647;
			files = (
			);
			runOnlyForDeploymentPostprocessing = 0;
		};
/* End PBXResourcesBuildPhase section */

/* Begin PBXSourcesBuildPhase section */
		267511D520D6DAC50022C73C /* Sources */ = {
			isa = PBXSourcesBuildPhase;
			buildActionMask = 2147483647;
			files = (
				267511DD20D6DAC50022C73C /* AppDelegate.swift in Sources */,
				2675121520D6DFF50022C73C /* SquareView.swift in Sources */,
			);
			runOnlyForDeploymentPostprocessing = 0;
		};
		267511E920D6DAC70022C73C /* Sources */ = {
			isa = PBXSourcesBuildPhase;
			buildActionMask = 2147483647;
			files = (
				267511F220D6DAC70022C73C /* GalleryExampleTests.swift in Sources */,
			);
			runOnlyForDeploymentPostprocessing = 0;
		};
/* End PBXSourcesBuildPhase section */

/* Begin PBXTargetDependency section */
		267511EF20D6DAC70022C73C /* PBXTargetDependency */ = {
			isa = PBXTargetDependency;
			target = 267511D820D6DAC50022C73C /* GalleryExample */;
			targetProxy = 267511EE20D6DAC70022C73C /* PBXContainerItemProxy */;
		};
/* End PBXTargetDependency section */

/* Begin PBXVariantGroup section */
		267511E520D6DAC70022C73C /* LaunchScreen.storyboard */ = {
			isa = PBXVariantGroup;
			children = (
				267511E620D6DAC70022C73C /* Base */,
			);
			name = LaunchScreen.storyboard;
			sourceTree = "<group>";
		};
/* End PBXVariantGroup section */

/* Begin XCBuildConfiguration section */
		267511F420D6DAC70022C73C /* Debug */ = {
			isa = XCBuildConfiguration;
			buildSettings = {
				ALWAYS_SEARCH_USER_PATHS = NO;
				CLANG_ANALYZER_NONNULL = YES;
				CLANG_ANALYZER_NUMBER_OBJECT_CONVERSION = YES_AGGRESSIVE;
				CLANG_CXX_LANGUAGE_STANDARD = "gnu++14";
				CLANG_CXX_LIBRARY = "libc++";
				CLANG_ENABLE_MODULES = YES;
				CLANG_ENABLE_OBJC_ARC = YES;
				CLANG_ENABLE_OBJC_WEAK = YES;
				CLANG_WARN_BLOCK_CAPTURE_AUTORELEASING = YES;
				CLANG_WARN_BOOL_CONVERSION = YES;
				CLANG_WARN_COMMA = YES;
				CLANG_WARN_CONSTANT_CONVERSION = YES;
				CLANG_WARN_DEPRECATED_OBJC_IMPLEMENTATIONS = YES;
				CLANG_WARN_DIRECT_OBJC_ISA_USAGE = YES_ERROR;
				CLANG_WARN_DOCUMENTATION_COMMENTS = YES;
				CLANG_WARN_EMPTY_BODY = YES;
				CLANG_WARN_ENUM_CONVERSION = YES;
				CLANG_WARN_INFINITE_RECURSION = YES;
				CLANG_WARN_INT_CONVERSION = YES;
				CLANG_WARN_NON_LITERAL_NULL_CONVERSION = YES;
				CLANG_WARN_OBJC_IMPLICIT_RETAIN_SELF = YES;
				CLANG_WARN_OBJC_LITERAL_CONVERSION = YES;
				CLANG_WARN_OBJC_ROOT_CLASS = YES_ERROR;
				CLANG_WARN_RANGE_LOOP_ANALYSIS = YES;
				CLANG_WARN_STRICT_PROTOTYPES = YES;
				CLANG_WARN_SUSPICIOUS_MOVE = YES;
				CLANG_WARN_UNGUARDED_AVAILABILITY = YES_AGGRESSIVE;
				CLANG_WARN_UNREACHABLE_CODE = YES;
				CLANG_WARN__DUPLICATE_METHOD_MATCH = YES;
				CODE_SIGN_IDENTITY = "iPhone Developer";
				COPY_PHASE_STRIP = NO;
				DEBUG_INFORMATION_FORMAT = dwarf;
				ENABLE_STRICT_OBJC_MSGSEND = YES;
				ENABLE_TESTABILITY = YES;
				GCC_C_LANGUAGE_STANDARD = gnu11;
				GCC_DYNAMIC_NO_PIC = NO;
				GCC_NO_COMMON_BLOCKS = YES;
				GCC_OPTIMIZATION_LEVEL = 0;
				GCC_PREPROCESSOR_DEFINITIONS = (
					"DEBUG=1",
					"$(inherited)",
				);
				GCC_WARN_64_TO_32_BIT_CONVERSION = YES;
				GCC_WARN_ABOUT_RETURN_TYPE = YES_ERROR;
				GCC_WARN_UNDECLARED_SELECTOR = YES;
				GCC_WARN_UNINITIALIZED_AUTOS = YES_AGGRESSIVE;
				GCC_WARN_UNUSED_FUNCTION = YES;
				GCC_WARN_UNUSED_VARIABLE = YES;
				IPHONEOS_DEPLOYMENT_TARGET = 11.4;
				MTL_ENABLE_DEBUG_INFO = YES;
				ONLY_ACTIVE_ARCH = YES;
				SDKROOT = iphoneos;
				SWIFT_ACTIVE_COMPILATION_CONDITIONS = DEBUG;
				SWIFT_OPTIMIZATION_LEVEL = "-Onone";
			};
			name = Debug;
		};
		267511F520D6DAC70022C73C /* Release */ = {
			isa = XCBuildConfiguration;
			buildSettings = {
				ALWAYS_SEARCH_USER_PATHS = NO;
				CLANG_ANALYZER_NONNULL = YES;
				CLANG_ANALYZER_NUMBER_OBJECT_CONVERSION = YES_AGGRESSIVE;
				CLANG_CXX_LANGUAGE_STANDARD = "gnu++14";
				CLANG_CXX_LIBRARY = "libc++";
				CLANG_ENABLE_MODULES = YES;
				CLANG_ENABLE_OBJC_ARC = YES;
				CLANG_ENABLE_OBJC_WEAK = YES;
				CLANG_WARN_BLOCK_CAPTURE_AUTORELEASING = YES;
				CLANG_WARN_BOOL_CONVERSION = YES;
				CLANG_WARN_COMMA = YES;
				CLANG_WARN_CONSTANT_CONVERSION = YES;
				CLANG_WARN_DEPRECATED_OBJC_IMPLEMENTATIONS = YES;
				CLANG_WARN_DIRECT_OBJC_ISA_USAGE = YES_ERROR;
				CLANG_WARN_DOCUMENTATION_COMMENTS = YES;
				CLANG_WARN_EMPTY_BODY = YES;
				CLANG_WARN_ENUM_CONVERSION = YES;
				CLANG_WARN_INFINITE_RECURSION = YES;
				CLANG_WARN_INT_CONVERSION = YES;
				CLANG_WARN_NON_LITERAL_NULL_CONVERSION = YES;
				CLANG_WARN_OBJC_IMPLICIT_RETAIN_SELF = YES;
				CLANG_WARN_OBJC_LITERAL_CONVERSION = YES;
				CLANG_WARN_OBJC_ROOT_CLASS = YES_ERROR;
				CLANG_WARN_RANGE_LOOP_ANALYSIS = YES;
				CLANG_WARN_STRICT_PROTOTYPES = YES;
				CLANG_WARN_SUSPICIOUS_MOVE = YES;
				CLANG_WARN_UNGUARDED_AVAILABILITY = YES_AGGRESSIVE;
				CLANG_WARN_UNREACHABLE_CODE = YES;
				CLANG_WARN__DUPLICATE_METHOD_MATCH = YES;
				CODE_SIGN_IDENTITY = "iPhone Developer";
				COPY_PHASE_STRIP = NO;
				DEBUG_INFORMATION_FORMAT = "dwarf-with-dsym";
				ENABLE_NS_ASSERTIONS = NO;
				ENABLE_STRICT_OBJC_MSGSEND = YES;
				GCC_C_LANGUAGE_STANDARD = gnu11;
				GCC_NO_COMMON_BLOCKS = YES;
				GCC_WARN_64_TO_32_BIT_CONVERSION = YES;
				GCC_WARN_ABOUT_RETURN_TYPE = YES_ERROR;
				GCC_WARN_UNDECLARED_SELECTOR = YES;
				GCC_WARN_UNINITIALIZED_AUTOS = YES_AGGRESSIVE;
				GCC_WARN_UNUSED_FUNCTION = YES;
				GCC_WARN_UNUSED_VARIABLE = YES;
				IPHONEOS_DEPLOYMENT_TARGET = 11.4;
				MTL_ENABLE_DEBUG_INFO = NO;
				SDKROOT = iphoneos;
				SWIFT_COMPILATION_MODE = wholemodule;
				SWIFT_OPTIMIZATION_LEVEL = "-O";
				VALIDATE_PRODUCT = YES;
			};
			name = Release;
		};
		267511F720D6DAC70022C73C /* Debug */ = {
			isa = XCBuildConfiguration;
			buildSettings = {
				ASSETCATALOG_COMPILER_APPICON_NAME = AppIcon;
				CODE_SIGN_STYLE = Automatic;
				INFOPLIST_FILE = GalleryExample/Info.plist;
				LD_RUNPATH_SEARCH_PATHS = (
					"$(inherited)",
					"@executable_path/Frameworks",
				);
				PRODUCT_BUNDLE_IDENTIFIER = com.badoo.GalleryExample;
				PRODUCT_NAME = "$(TARGET_NAME)";
				SWIFT_VERSION = 4.0;
				TARGETED_DEVICE_FAMILY = "1,2";
			};
			name = Debug;
		};
		267511F820D6DAC70022C73C /* Release */ = {
			isa = XCBuildConfiguration;
			buildSettings = {
				ASSETCATALOG_COMPILER_APPICON_NAME = AppIcon;
				CODE_SIGN_STYLE = Automatic;
				INFOPLIST_FILE = GalleryExample/Info.plist;
				LD_RUNPATH_SEARCH_PATHS = (
					"$(inherited)",
					"@executable_path/Frameworks",
				);
				PRODUCT_BUNDLE_IDENTIFIER = com.badoo.GalleryExample;
				PRODUCT_NAME = "$(TARGET_NAME)";
				SWIFT_VERSION = 4.0;
				TARGETED_DEVICE_FAMILY = "1,2";
			};
			name = Release;
		};
		267511FA20D6DAC70022C73C /* Debug */ = {
			isa = XCBuildConfiguration;
			buildSettings = {
				ALWAYS_EMBED_SWIFT_STANDARD_LIBRARIES = YES;
				BUNDLE_LOADER = "$(TEST_HOST)";
				CODE_SIGN_STYLE = Automatic;
				INFOPLIST_FILE = GalleryExampleTests/Info.plist;
				LD_RUNPATH_SEARCH_PATHS = (
					"$(inherited)",
					"@executable_path/Frameworks",
					"@loader_path/Frameworks",
				);
				PRODUCT_BUNDLE_IDENTIFIER = com.badoo.GalleryExampleTests;
				PRODUCT_NAME = "$(TARGET_NAME)";
				SWIFT_VERSION = 4.0;
				TARGETED_DEVICE_FAMILY = "1,2";
				TEST_HOST = "$(BUILT_PRODUCTS_DIR)/GalleryExample.app/GalleryExample";
			};
			name = Debug;
		};
		267511FB20D6DAC70022C73C /* Release */ = {
			isa = XCBuildConfiguration;
			buildSettings = {
				ALWAYS_EMBED_SWIFT_STANDARD_LIBRARIES = YES;
				BUNDLE_LOADER = "$(TEST_HOST)";
				CODE_SIGN_STYLE = Automatic;
				INFOPLIST_FILE = GalleryExampleTests/Info.plist;
				LD_RUNPATH_SEARCH_PATHS = (
					"$(inherited)",
					"@executable_path/Frameworks",
					"@loader_path/Frameworks",
				);
				PRODUCT_BUNDLE_IDENTIFIER = com.badoo.GalleryExampleTests;
				PRODUCT_NAME = "$(TARGET_NAME)";
				SWIFT_VERSION = 4.0;
				TARGETED_DEVICE_FAMILY = "1,2";
				TEST_HOST = "$(BUILT_PRODUCTS_DIR)/GalleryExample.app/GalleryExample";
			};
			name = Release;
		};
/* End XCBuildConfiguration section */

/* Begin XCConfigurationList section */
		267511D420D6DAC50022C73C /* Build configuration list for PBXProject "GalleryExample" */ = {
			isa = XCConfigurationList;
			buildConfigurations = (
				267511F420D6DAC70022C73C /* Debug */,
				267511F520D6DAC70022C73C /* Release */,
			);
			defaultConfigurationIsVisible = 0;
			defaultConfigurationName = Release;
		};
		267511F620D6DAC70022C73C /* Build configuration list for PBXNativeTarget "GalleryExample" */ = {
			isa = XCConfigurationList;
			buildConfigurations = (
				267511F720D6DAC70022C73C /* Debug */,
				267511F820D6DAC70022C73C /* Release */,
			);
			defaultConfigurationIsVisible = 0;
			defaultConfigurationName = Release;
		};
		267511F920D6DAC70022C73C /* Build configuration list for PBXNativeTarget "GalleryExampleTests" */ = {
			isa = XCConfigurationList;
			buildConfigurations = (
				267511FA20D6DAC70022C73C /* Debug */,
				267511FB20D6DAC70022C73C /* Release */,
			);
			defaultConfigurationIsVisible = 0;
			defaultConfigurationName = Release;
		};
/* End XCConfigurationList section */
	};
	rootObject = 267511D120D6DAC50022C73C /* Project object */;
}
